
Microsoft Visual Studio Solution File, Format Version 12.00
# Visual Studio Version 17
VisualStudioVersion = 17.6.33829.357
MinimumVisualStudioVersion = 10.0.40219.1
Project("{FAE04EC0-301F-11D3-BF4B-00C04F79EFBC}") = "SistemaWeb_Laboratorios", "SistemaWeb_Laboratorios\SistemaWeb_Laboratorios.csproj", "{6560D6DB-5415-4213-A0F4-E1A9E68A4E79}"
EndProject
Global
	GlobalSection(SolutionConfigurationPlatforms) = preSolution
		Debug|Any CPU = Debug|Any CPU
		Release|Any CPU = Release|Any CPU
	EndGlobalSection
	GlobalSection(ProjectConfigurationPlatforms) = postSolution
		{6560D6DB-5415-4213-A0F4-E1A9E68A4E79}.Debug|Any CPU.ActiveCfg = Debug|Any CPU
		{6560D6DB-5415-4213-A0F4-E1A9E68A4E79}.Debug|Any CPU.Build.0 = Debug|Any CPU
		{6560D6DB-5415-4213-A0F4-E1A9E68A4E79}.Release|Any CPU.ActiveCfg = Release|Any CPU
		{6560D6DB-5415-4213-A0F4-E1A9E68A4E79}.Release|Any CPU.Build.0 = Release|Any CPU
	EndGlobalSection
	GlobalSection(SolutionProperties) = preSolution
		HideSolutionNode = FALSE
	EndGlobalSection
	GlobalSection(ExtensibilityGlobals) = postSolution
		SolutionGuid = {1ECBBFF3-F0F3-4A97-9D1A-F5ADE098CA7C}
	EndGlobalSection
EndGlobal
